
Microsoft Visual Studio Solution File, Format Version 12.00
# Visual Studio Version 16
VisualStudioVersion = 16.0.32602.291
MinimumVisualStudioVersion = 10.0.40219.1
Project("{FAE04EC0-301F-11D3-BF4B-00C04F79EFBC}") = "HMCE", "HMCE\HMCE.csproj", "{CCFF40A7-9FA9-4C04-B197-7EA1A78C89B1}"
EndProject
Global
	GlobalSection(SolutionConfigurationPlatforms) = preSolution
		Debug|Any CPU = Debug|Any CPU
		Release|Any CPU = Release|Any CPU
	EndGlobalSection
	GlobalSection(ProjectConfigurationPlatforms) = postSolution
		{CCFF40A7-9FA9-4C04-B197-7EA1A78C89B1}.Debug|Any CPU.ActiveCfg = Debug|Any CPU
		{CCFF40A7-9FA9-4C04-B197-7EA1A78C89B1}.Debug|Any CPU.Build.0 = Debug|Any CPU
		{CCFF40A7-9FA9-4C04-B197-7EA1A78C89B1}.Release|Any CPU.ActiveCfg = Release|Any CPU
		{CCFF40A7-9FA9-4C04-B197-7EA1A78C89B1}.Release|Any CPU.Build.0 = Release|Any CPU
	EndGlobalSection
	GlobalSection(SolutionProperties) = preSolution
		HideSolutionNode = FALSE
	EndGlobalSection
	GlobalSection(ExtensibilityGlobals) = postSolution
		SolutionGuid = {E3CFBA5A-56FE-4AB1-BBC8-7FAE2ABC67F3}
	EndGlobalSection
EndGlobal
